<Project ToolsVersion="4.0" xmlns="http://schemas.microsoft.com/developer/msbuild/2003">
  <ItemGroup>
    <Filter Include="Source Files">
      <UniqueIdentifier>{4FC737F1-C7A5-4376-A066-2A32D752A2FF}</UniqueIdentifier>
      <Extensions>cpp;c;cc;cxx;def;odl;idl;hpj;bat;asm;asmx</Extensions>
    </Filter>
    <Filter Include="Header Files">
      <UniqueIdentifier>{93995380-89BD-4b04-88EB-625FBE52EBFB}</UniqueIdentifier>
      <Extensions>h;hpp;hxx;hm;inl;inc;xsd</Extensions>
    </Filter>
    <Filter Include="Resource Files">
      <UniqueIdentifier>{67DA6AB6-F800-4c08-8B7A-83BB121AAD01}</UniqueIdentifier>
      <Extensions>rc;ico;cur;bmp;dlg;rc2;rct;bin;rgs;gif;jpg;jpeg;jpe;resx;tiff;tif;png;wav</Extensions>
    </Filter>
    <Filter Include="Blocks">
      <UniqueIdentifier>{22BE1402-A884-4A7F-BACA-A9F38794E327}</UniqueIdentifier>
    </Filter>
    <Filter Include="Blocks\imGui">
      <UniqueIdentifier>{102B0BE4-07B5-44C1-A103-EDC484B4EA6E}</UniqueIdentifier>
    </Filter>
    <Filter Include="Blocks\imGui\lib">
      <UniqueIdentifier>{18C8C4F6-9C2F-4337-B39E-000DC8F780AB}</UniqueIdentifier>
    </Filter>
    <Filter Include="Blocks\imGui\lib\imgui">
      <UniqueIdentifier>{0F60FEBB-B631-4890-99B9-CED0130FB82E}</UniqueIdentifier>
    </Filter>
    <Filter Include="Blocks\imGui\src">
      <UniqueIdentifier>{7A9673BE-C81A-40A8-9DC9-E0498DA85895}</UniqueIdentifier>
    </Filter>
  </ItemGroup>
  <ItemGroup>
    <ClCompile Include="..\src\ThemeEditorApp.cpp">
      <Filter>Source Files</Filter>
    </ClCompile>
    <ClCompile Include="..\src\ThemeEditorApp.cpp">
      <Filter>Source Files</Filter>
    </ClCompile>
    <ClInclude Include="..\include\Resources.h">
      <Filter>Header Files</Filter>
    </ClInclude>
    <ClInclude Include="..\..\..\lib\imgui\imgui.h">
      <Filter>Blocks\imGui\lib\imgui</Filter>
    </ClInclude>
    <ClCompile Include="..\..\..\lib\imgui\imgui.cpp">
      <Filter>Blocks\imGui\lib\imgui</Filter>
    </ClCompile>
    <ClInclude Include="..\..\..\src\ImGuiCinder.h">
      <Filter>Blocks\imGui\src</Filter>
    </ClInclude>
    <ClCompile Include="..\..\..\src\ImGuiCinder.cpp">
      <Filter>Blocks\imGui\src</Filter>
    </ClCompile>
  </ItemGroup>
  <ItemGroup>
    <ClInclude Include="..\include\Resources.h">
      <Filter>Header Files</Filter>
    </ClInclude>
  </ItemGroup>
  <ItemGroup>
    <ResourceCompile Include="Resources.rc">
      <Filter>Resource Files</Filter>
    </ResourceCompile>
  </ItemGroup>
</Project>
