<Project ToolsVersion="4.0" xmlns="http://schemas.microsoft.com/developer/msbuild/2003">
  <ItemGroup>
    <Filter Include="Source Files">
      <UniqueIdentifier>{4FC737F1-C7A5-4376-A066-2A32D752A2FF}</UniqueIdentifier>
      <Extensions>cpp;c;cc;cxx;def;odl;idl;hpj;bat;asm;asmx</Extensions>
    </Filter>
    <Filter Include="Header Files">
      <UniqueIdentifier>{93995380-89BD-4b04-88EB-625FBE52EBFB}</UniqueIdentifier>
      <Extensions>h;hpp;hxx;hm;inl;inc;xsd</Extensions>
    </Filter>
    <Filter Include="Resource Files">
      <UniqueIdentifier>{67DA6AB6-F800-4c08-8B7A-83BB121AAD01}</UniqueIdentifier>
      <Extensions>rc;ico;cur;bmp;dlg;rc2;rct;bin;rgs;gif;jpg;jpeg;jpe;resx;tiff;tif;png;wav</Extensions>
    </Filter>
    <Filter Include="Blocks">
      <UniqueIdentifier>{9F49AEAE-2493-4C9F-9EA6-E5991279239D}</UniqueIdentifier>
    </Filter>
    <Filter Include="Blocks\imGui">
      <UniqueIdentifier>{729F1546-7714-40F5-9726-6C82BB3EA8FF}</UniqueIdentifier>
    </Filter>
    <Filter Include="Blocks\imGui\lib">
      <UniqueIdentifier>{A01687A3-4D0E-4579-B019-3EF16C044B14}</UniqueIdentifier>
    </Filter>
    <Filter Include="Blocks\imGui\lib\imgui">
      <UniqueIdentifier>{E05F316B-8BD8-4E7E-9247-85616DCC138A}</UniqueIdentifier>
    </Filter>
    <Filter Include="Blocks\imGui\src">
      <UniqueIdentifier>{FC2071C1-2326-4D47-B3C7-8AC5725DF7D6}</UniqueIdentifier>
    </Filter>
  </ItemGroup>
  <ItemGroup>
    <ClCompile Include="..\src\BasicApp.cpp">
      <Filter>Source Files</Filter>
    </ClCompile>
    <ClCompile Include="..\src\BasicApp.cpp">
      <Filter>Source Files</Filter>
    </ClCompile>
    <ClInclude Include="..\include\Resources.h">
      <Filter>Header Files</Filter>
    </ClInclude>
    <ClInclude Include="..\..\..\lib\imgui\imgui.h">
      <Filter>Blocks\imGui\lib\imgui</Filter>
    </ClInclude>
    <ClCompile Include="..\..\..\lib\imgui\imgui.cpp">
      <Filter>Blocks\imGui\lib\imgui</Filter>
    </ClCompile>
    <ClInclude Include="..\..\..\src\ImGuiCinder.h">
      <Filter>Blocks\imGui\src</Filter>
    </ClInclude>
    <ClCompile Include="..\..\..\src\ImGuiCinder.cpp">
      <Filter>Blocks\imGui\src</Filter>
    </ClCompile>
  </ItemGroup>
  <ItemGroup>
    <ClInclude Include="..\include\Resources.h">
      <Filter>Header Files</Filter>
    </ClInclude>
  </ItemGroup>
  <ItemGroup>
    <ResourceCompile Include="Resources.rc">
      <Filter>Resource Files</Filter>
    </ResourceCompile>
  </ItemGroup>
</Project>
